<?xml version="1.0" encoding="utf-8"?>
<Project ToolsVersion="4.0" xmlns="http://schemas.microsoft.com/developer/msbuild/2003">
  <ItemGroup>
    <Filter Include="fields">
      <UniqueIdentifier>{93995380-89BD-4b04-88EB-625FBE52EBFB}</UniqueIdentifier>
      <Extensions>h;hh;hpp;hxx;h++;hm;inl;inc;ipp;xsd</Extensions>
    </Filter>
    <Filter Include="game">
      <UniqueIdentifier>{67DA6AB6-F800-4c08-8B7A-83BB121AAD01}</UniqueIdentifier>
      <Extensions>rc;ico;cur;bmp;dlg;rc2;rct;bin;rgs;gif;jpg;jpeg;jpe;resx;tiff;tif;png;wav;mfcribbon-ms</Extensions>
    </Filter>
    <Filter Include="players">
      <UniqueIdentifier>{57290a61-13eb-4817-870d-ce49ed930c92}</UniqueIdentifier>
    </Filter>
    <Filter Include="resources">
      <UniqueIdentifier>{b3f70cdb-bdfa-45fc-8b53-a3a13ac39679}</UniqueIdentifier>
    </Filter>
    <Filter Include="main">
      <UniqueIdentifier>{4FC737F1-C7A5-4376-A066-2A32D752A2FF}</UniqueIdentifier>
      <Extensions>cpp;c;cc;cxx;c++;cppm;ixx;def;odl;idl;hpj;bat;asm;asmx</Extensions>
    </Filter>
    <Filter Include="factory">
      <UniqueIdentifier>{30e49f24-3dab-41a5-b0cf-7f4fc1c295bb}</UniqueIdentifier>
    </Filter>
    <Filter Include="lib">
      <UniqueIdentifier>{c74cd706-7681-47c1-b3d6-cbec2043ccfa}</UniqueIdentifier>
    </Filter>
  </ItemGroup>
  <ItemGroup>
    <ClCompile Include="main.cpp">
      <Filter>main</Filter>
    </ClCompile>
    <ClCompile Include="fields\BasicField.cpp">
      <Filter>fields</Filter>
    </ClCompile>
    <ClCompile Include="fields\Field.cpp">
      <Filter>fields</Filter>
    </ClCompile>
    <ClCompile Include="fields\GiftField.cpp">
      <Filter>fields</Filter>
    </ClCompile>
    <ClCompile Include="fields\PolyanaField.cpp">
      <Filter>fields</Filter>
    </ClCompile>
    <ClCompile Include="fields\PortalField.cpp">
      <Filter>fields</Filter>
    </ClCompile>
    <ClCompile Include="fields\QuestionField.cpp">
      <Filter>fields</Filter>
    </ClCompile>
    <ClCompile Include="fields\SelectiveField.cpp">
      <Filter>fields</Filter>
    </ClCompile>
    <ClCompile Include="fields\StartField.cpp">
      <Filter>fields</Filter>
    </ClCompile>
    <ClCompile Include="fields\VadimField.cpp">
      <Filter>fields</Filter>
    </ClCompile>
    <ClCompile Include="game\Actions.cpp">
      <Filter>game</Filter>
    </ClCompile>
    <ClCompile Include="game\Dice.cpp">
      <Filter>game</Filter>
    </ClCompile>
    <ClCompile Include="game\Monopoly.cpp">
      <Filter>game</Filter>
    </ClCompile>
    <ClCompile Include="game\Statistik.cpp">
      <Filter>game</Filter>
    </ClCompile>
    <ClCompile Include="game\Test.cpp">
      <Filter>game</Filter>
    </ClCompile>
    <ClCompile Include="players\AbstractPlayer.cpp">
      <Filter>players</Filter>
    </ClCompile>
    <ClCompile Include="players\Player.cpp">
      <Filter>players</Filter>
    </ClCompile>
    <ClCompile Include="players\Bot.cpp">
      <Filter>players</Filter>
    </ClCompile>
    <ClCompile Include="game\MonopolyManager.cpp">
      <Filter>game</Filter>
    </ClCompile>
  </ItemGroup>
  <ItemGroup>
    <ClInclude Include="fields\BasicField.h">
      <Filter>fields</Filter>
    </ClInclude>
    <ClInclude Include="fields\Field.h">
      <Filter>fields</Filter>
    </ClInclude>
    <ClInclude Include="fields\GiftField.h">
      <Filter>fields</Filter>
    </ClInclude>
    <ClInclude Include="fields\PolyanaField.h">
      <Filter>fields</Filter>
    </ClInclude>
    <ClInclude Include="fields\PortalField.h">
      <Filter>fields</Filter>
    </ClInclude>
    <ClInclude Include="fields\QuestionField.h">
      <Filter>fields</Filter>
    </ClInclude>
    <ClInclude Include="fields\SelectiveField.h">
      <Filter>fields</Filter>
    </ClInclude>
    <ClInclude Include="fields\StartField.h">
      <Filter>fields</Filter>
    </ClInclude>
    <ClInclude Include="fields\VadimField.h">
      <Filter>fields</Filter>
    </ClInclude>
    <ClInclude Include="game\Actions.h">
      <Filter>game</Filter>
    </ClInclude>
    <ClInclude Include="game\Dice.h">
      <Filter>game</Filter>
    </ClInclude>
    <ClInclude Include="game\Monopoly.h">
      <Filter>game</Filter>
    </ClInclude>
    <ClInclude Include="game\Statistik.h">
      <Filter>game</Filter>
    </ClInclude>
    <ClInclude Include="game\Test.h">
      <Filter>game</Filter>
    </ClInclude>
    <ClInclude Include="players\AbstractPlayer.h">
      <Filter>players</Filter>
    </ClInclude>
    <ClInclude Include="players\Player.h">
      <Filter>players</Filter>
    </ClInclude>
    <ClInclude Include="players\Bot.h">
      <Filter>players</Filter>
    </ClInclude>
    <ClInclude Include="factory\FactoryMethod.h">
      <Filter>factory</Filter>
    </ClInclude>
    <ClInclude Include="lib\json.hpp">
      <Filter>lib</Filter>
    </ClInclude>
    <ClInclude Include="game\MonopolyManager.h">
      <Filter>game</Filter>
    </ClInclude>
  </ItemGroup>
  <ItemGroup>
    <None Include="resources\dataFields.json">
      <Filter>resources</Filter>
    </None>
  </ItemGroup>
</Project>